# This file is generated by running "yarn install" inside your project.
# Manual changes might be lost - proceed with caution!

__metadata:
  version: 5
  cacheKey: 8

"decode-uri-component@npm:^0.2.0":
  version: 0.2.0
  resolution: "decode-uri-component@npm:0.2.0"
  checksum: f3749344ab9305ffcfe4bfe300e2dbb61fc6359e2b736812100a3b1b6db0a5668cba31a05e4b45d4d63dbf1a18dfa354cd3ca5bb3ededddabb8cd293f4404f94
  languageName: node
  linkType: hard

"query-string@npm:6.3.0":
  version: 6.3.0
  resolution: "query-string@npm:6.3.0"
  dependencies:
    decode-uri-component: ^0.2.0
    strict-uri-encode: ^2.0.0
  checksum: 29f23c70c4e48ead260d30fda55eaac6488a457a697d98ecbafb963964eaf009fb1d3b335bae2a65dfb85556a3fd51e1a95d157ca45a0db28a3a37189c79b64a
  languageName: node
  linkType: hard

"root-workspace-0b6124@workspace:.":
  version: 0.0.0-use.local
  resolution: "root-workspace-0b6124@workspace:."
  dependencies:
    query-string: 6.3.0
    typescript: ^4.5.5
  languageName: unknown
  linkType: soft

"strict-uri-encode@npm:^2.0.0":
  version: 2.0.0
  resolution: "strict-uri-encode@npm:2.0.0"
  checksum: eaac4cf978b6fbd480f1092cab8b233c9b949bcabfc9b598dd79a758f7243c28765ef7639c876fa72940dac687181b35486ea01ff7df3e65ce3848c64822c581
  languageName: node
  linkType: hard

"typescript@npm:^4.5.5":
  version: 4.5.5
  resolution: "typescript@npm:4.5.5"
  bin:
    tsc: bin/tsc
    tsserver: bin/tsserver
  checksum: 506f4c919dc8aeaafa92068c997f1d213b9df4d9756d0fae1a1e7ab66b585ab3498050e236113a1c9e57ee08c21ec6814ca7a7f61378c058d79af50a4b1f5a5e
  languageName: node
  linkType: hard

"typescript@patch:typescript@^4.5.5#~builtin<compat/typescript>":
  version: 4.5.5
  resolution: "typescript@patch:typescript@npm%3A4.5.5#~builtin<compat/typescript>::version=4.5.5&hash=493e53"
  bin:
    tsc: bin/tsc
    tsserver: bin/tsserver
  checksum: c05c318d79c690f101d7ffb34cd6c7d6bbd884d3af9cefe7749ad0cd6be43c7082f098280982ca945dcba23fde34a08fed9602bb26540936baf8c0520727d3ba
  languageName: node
  linkType: hard
